{
    "_readme": [
        "This file locks the dependencies of your project to a known state",
        "Read more about it at https://getcomposer.org/doc/01-basic-usage.md#composer-lock-the-lock-file",
        "This file is @generated automatically"
    ],
    "hash": "c8e5ed30b670cc78d494da1ae964bd4d",
    "content-hash": "c0e189904654637a65dc11d64417c513",
    "packages": [
        {
            "name": "assnr/arphp",
            "version": "v5.1.5",
            "source": {
                "type": "git",
                "url": "https://github.com/assnr/ArPHP.git",
                "reference": "77b4068e37cdaebf294dc191bdc921db384cbdd8"
            },
            "dist": {
                "type": "zip",
                "url": "https://files.phpcomposer.com/files/assnr/ArPHP/77b4068e37cdaebf294dc191bdc921db384cbdd8.zip",
                "reference": "77b4068e37cdaebf294dc191bdc921db384cbdd8",
                "shasum": ""
            },
            "require": {
                "php": ">=5.3.0"
            },
            "type": "library",
            "autoload": {
                "psr-0": {
                    "ar": "src/"
                }
            },
            "notification-url": "https://packagist.org/downloads/",
            "license": [
                "MIT"
            ],
            "authors": [
                {
                    "name": "assnr yc",
                    "email": "ycassnr@gmail.com",
                    "homepage": "http://www.arphp.org"
                }
            ],
            "description": "one high performance php framework for coder as a gift",
            "homepage": "https://github.com/assnr/ArPHP",
            "keywords": [
                "high performance php framework",
                "quick learning php"
            ],
            "time": "2018-03-18 16:48:49"
        }
    ],
    "packages-dev": [],
    "aliases": [],
    "minimum-stability": "stable",
    "stability-flags": [],
    "prefer-stable": false,
    "prefer-lowest": false,
    "platform": [],
    "platform-dev": []
}
